{
  "originHash" : "49fe0b1a395eb5666b8664b7cbb8e775b6d0f40c55896d584027b605d9154354",
  "pins" : [
    {
      "identity" : "queue",
      "kind" : "remoteSourceControl",
      "location" : "https://github.com/mattmassicotte/Queue",
      "state" : {
        "revision" : "38826d0b8838ce5edcdafa1ffb2f507693d5abcb",
        "version" : "0.2.2"
      }
    },
    {
      "identity" : "tomlkit",
      "kind" : "remoteSourceControl",
      "location" : "https://github.com/LebJe/TOMLKit.git",
      "state" : {
        "revision" : "ec6198d37d495efc6acd4dffbd262cdca7ff9b3f",
        "version" : "0.6.0"
      }
    },
    {
      "identity" : "yswift-fork",
      "kind" : "remoteSourceControl",
      "location" : "https://github.com/Primitive-Labs/yswift-fork.git",
      "state" : {
        "branch" : "alpha",
        "revision" : "d42987453d6dffe75d467fabc4e6c6f2e3237950"
      }
    }
  ],
  "version" : 3
}
